
Microsoft Visual Studio Solution File, Format Version 12.00
# Visual Studio Version 17
VisualStudioVersion = 17.14.36811.4 d17.14
MinimumVisualStudioVersion = 10.0.40219.1
Project("{888888A0-9F3D-457C-B088-3A5042F75D52}") = "CS50 Week 1", "CS50 Week 1\CS50 Week 1.pyproj", "{0CDD55A3-798B-4579-AAF3-6515743EE248}"
EndProject
Global
	GlobalSection(SolutionConfigurationPlatforms) = preSolution
		Debug|Any CPU = Debug|Any CPU
		Release|Any CPU = Release|Any CPU
	EndGlobalSection
	GlobalSection(ProjectConfigurationPlatforms) = postSolution
		{0CDD55A3-798B-4579-AAF3-6515743EE248}.Debug|Any CPU.ActiveCfg = Debug|Any CPU
		{0CDD55A3-798B-4579-AAF3-6515743EE248}.Release|Any CPU.ActiveCfg = Release|Any CPU
	EndGlobalSection
	GlobalSection(SolutionProperties) = preSolution
		HideSolutionNode = FALSE
	EndGlobalSection
	GlobalSection(ExtensibilityGlobals) = postSolution
		SolutionGuid = {34C2154A-EC1B-46CA-9CC6-8E6B55BCDA68}
	EndGlobalSection
EndGlobal
