
Microsoft Visual Studio Solution File, Format Version 12.00
# Visual Studio Version 17
VisualStudioVersion = 17.14.36811.4 d17.14
MinimumVisualStudioVersion = 10.0.40219.1
Project("{888888A0-9F3D-457C-B088-3A5042F75D52}") = "deep", "deep\deep.pyproj", "{914EDC4F-5BD0-49EC-BA08-C968FFB538C9}"
EndProject
Global
	GlobalSection(SolutionConfigurationPlatforms) = preSolution
		Debug|Any CPU = Debug|Any CPU
		Release|Any CPU = Release|Any CPU
	EndGlobalSection
	GlobalSection(ProjectConfigurationPlatforms) = postSolution
		{914EDC4F-5BD0-49EC-BA08-C968FFB538C9}.Debug|Any CPU.ActiveCfg = Debug|Any CPU
		{914EDC4F-5BD0-49EC-BA08-C968FFB538C9}.Release|Any CPU.ActiveCfg = Release|Any CPU
	EndGlobalSection
	GlobalSection(SolutionProperties) = preSolution
		HideSolutionNode = FALSE
	EndGlobalSection
	GlobalSection(ExtensibilityGlobals) = postSolution
		SolutionGuid = {64C852C2-B615-473D-A3B3-0AE03AB85414}
	EndGlobalSection
EndGlobal
