
Microsoft Visual Studio Solution File, Format Version 12.00
# Visual Studio Version 17
VisualStudioVersion = 17.14.36811.4 d17.14
MinimumVisualStudioVersion = 10.0.40219.1
Project("{888888A0-9F3D-457C-B088-3A5042F75D52}") = "interpreter", "interpreter\interpreter.pyproj", "{B7AC276C-1E1A-4BFD-900A-E937775D992C}"
EndProject
Global
	GlobalSection(SolutionConfigurationPlatforms) = preSolution
		Debug|Any CPU = Debug|Any CPU
		Release|Any CPU = Release|Any CPU
	EndGlobalSection
	GlobalSection(ProjectConfigurationPlatforms) = postSolution
		{B7AC276C-1E1A-4BFD-900A-E937775D992C}.Debug|Any CPU.ActiveCfg = Debug|Any CPU
		{B7AC276C-1E1A-4BFD-900A-E937775D992C}.Release|Any CPU.ActiveCfg = Release|Any CPU
	EndGlobalSection
	GlobalSection(SolutionProperties) = preSolution
		HideSolutionNode = FALSE
	EndGlobalSection
	GlobalSection(ExtensibilityGlobals) = postSolution
		SolutionGuid = {CDF8864E-0C47-40DC-9CFC-6E2A57DF92A4}
	EndGlobalSection
EndGlobal
